// !$*UTF8*$!
{
	archiveVersion = 1;
	classes = {
	};
	objectVersion = 51;
	objects = {

/* Begin PBXBuildFile section */
		16ABAF74237BCCB2008EA603 /* DocumentViewController.swift in Sources */ = {isa = PBXBuildFile; fileRef = 16ABAF73237BCCB2008EA603 /* DocumentViewController.swift */; };
		104103094EBEB018BBF3F567 /* Pods_Project_P3_Team_ETests.framework in Frameworks */ = {isa = PBXBuildFile; fileRef = 151132FA4CEFFD43F38E71D6 /* Pods_Project_P3_Team_ETests.framework */; };
		183B6038235F88500096BFB9 /* AppDelegate.swift in Sources */ = {isa = PBXBuildFile; fileRef = 183B6037235F88500096BFB9 /* AppDelegate.swift */; };
		183B603A235F88500096BFB9 /* ViewController.swift in Sources */ = {isa = PBXBuildFile; fileRef = 183B6039235F88500096BFB9 /* ViewController.swift */; };
		183B603D235F88500096BFB9 /* Main.storyboard in Resources */ = {isa = PBXBuildFile; fileRef = 183B603B235F88500096BFB9 /* Main.storyboard */; };
		183B603F235F88550096BFB9 /* Assets.xcassets in Resources */ = {isa = PBXBuildFile; fileRef = 183B603E235F88550096BFB9 /* Assets.xcassets */; };
		183B6042235F88550096BFB9 /* LaunchScreen.storyboard in Resources */ = {isa = PBXBuildFile; fileRef = 183B6040235F88550096BFB9 /* LaunchScreen.storyboard */; };
		183B604D235F88550096BFB9 /* Project_P3_Team_ETests.swift in Sources */ = {isa = PBXBuildFile; fileRef = 183B604C235F88550096BFB9 /* Project_P3_Team_ETests.swift */; };
		BD3F1CF4235FB05300008BA5 /* CreationViewController.swift in Sources */ = {isa = PBXBuildFile; fileRef = BD3F1CF3235FB05300008BA5 /* CreationViewController.swift */; };
		BD3F1CF6235FBEBD00008BA5 /* PresentViewController.swift in Sources */ = {isa = PBXBuildFile; fileRef = BD3F1CF5235FBEBD00008BA5 /* PresentViewController.swift */; };
		BD3F1CF8235FC1F700008BA5 /* SelectedViewController.swift in Sources */ = {isa = PBXBuildFile; fileRef = BD3F1CF7235FC1F700008BA5 /* SelectedViewController.swift */; };
		BD3F1CFA235FC88E00008BA5 /* SettingsViewController.swift in Sources */ = {isa = PBXBuildFile; fileRef = BD3F1CF9235FC88E00008BA5 /* SettingsViewController.swift */; };
		BDCE9937237BC11100049430 /* Prompt.swift in Sources */ = {isa = PBXBuildFile; fileRef = BDCE9936237BC11100049430 /* Prompt.swift */; };
		FDDB13F89137110443417207 /* Pods_Project_P3_Team_E.framework in Frameworks */ = {isa = PBXBuildFile; fileRef = 5E79BA60914855EE7A932EA6 /* Pods_Project_P3_Team_E.framework */; };
/* End PBXBuildFile section */

/* Begin PBXContainerItemProxy section */
		183B6049235F88550096BFB9 /* PBXContainerItemProxy */ = {
			isa = PBXContainerItemProxy;
			containerPortal = 183B602C235F88500096BFB9 /* Project object */;
			proxyType = 1;
			remoteGlobalIDString = 183B6033235F88500096BFB9;
			remoteInfo = Project_P3_Team_E;
		};
/* End PBXContainerItemProxy section */

/* Begin PBXFileReference section */
		16ABAF73237BCCB2008EA603 /* DocumentViewController.swift */ = {isa = PBXFileReference; lastKnownFileType = sourcecode.swift; path = DocumentViewController.swift; sourceTree = "<group>"; };
		151132FA4CEFFD43F38E71D6 /* Pods_Project_P3_Team_ETests.framework */ = {isa = PBXFileReference; explicitFileType = wrapper.framework; includeInIndex = 0; path = Pods_Project_P3_Team_ETests.framework; sourceTree = BUILT_PRODUCTS_DIR; };
		183B6034235F88500096BFB9 /* Project_P3_Team_E.app */ = {isa = PBXFileReference; explicitFileType = wrapper.application; includeInIndex = 0; path = Project_P3_Team_E.app; sourceTree = BUILT_PRODUCTS_DIR; };
		183B6037235F88500096BFB9 /* AppDelegate.swift */ = {isa = PBXFileReference; lastKnownFileType = sourcecode.swift; path = AppDelegate.swift; sourceTree = "<group>"; };
		183B6039235F88500096BFB9 /* ViewController.swift */ = {isa = PBXFileReference; lastKnownFileType = sourcecode.swift; path = ViewController.swift; sourceTree = "<group>"; };
		183B603C235F88500096BFB9 /* Base */ = {isa = PBXFileReference; lastKnownFileType = file.storyboard; name = Base; path = Base.lproj/Main.storyboard; sourceTree = "<group>"; };
		183B603E235F88550096BFB9 /* Assets.xcassets */ = {isa = PBXFileReference; lastKnownFileType = folder.assetcatalog; path = Assets.xcassets; sourceTree = "<group>"; };
		183B6041235F88550096BFB9 /* Base */ = {isa = PBXFileReference; lastKnownFileType = file.storyboard; name = Base; path = Base.lproj/LaunchScreen.storyboard; sourceTree = "<group>"; };
		183B6043235F88550096BFB9 /* Info.plist */ = {isa = PBXFileReference; lastKnownFileType = text.plist.xml; path = Info.plist; sourceTree = "<group>"; };
		183B6048235F88550096BFB9 /* Project_P3_Team_ETests.xctest */ = {isa = PBXFileReference; explicitFileType = wrapper.cfbundle; includeInIndex = 0; path = Project_P3_Team_ETests.xctest; sourceTree = BUILT_PRODUCTS_DIR; };
		183B604C235F88550096BFB9 /* Project_P3_Team_ETests.swift */ = {isa = PBXFileReference; lastKnownFileType = sourcecode.swift; path = Project_P3_Team_ETests.swift; sourceTree = "<group>"; };
		183B604E235F88550096BFB9 /* Info.plist */ = {isa = PBXFileReference; lastKnownFileType = text.plist.xml; path = Info.plist; sourceTree = "<group>"; };
		2C26CED77ECEF5B573D5B86D /* Pods-Project_P3_Team_ETests.release.xcconfig */ = {isa = PBXFileReference; includeInIndex = 1; lastKnownFileType = text.xcconfig; name = "Pods-Project_P3_Team_ETests.release.xcconfig"; path = "Target Support Files/Pods-Project_P3_Team_ETests/Pods-Project_P3_Team_ETests.release.xcconfig"; sourceTree = "<group>"; };
		3E380731A6E9E34594563280 /* Pods-Project_P3_Team_E.debug.xcconfig */ = {isa = PBXFileReference; includeInIndex = 1; lastKnownFileType = text.xcconfig; name = "Pods-Project_P3_Team_E.debug.xcconfig"; path = "Target Support Files/Pods-Project_P3_Team_E/Pods-Project_P3_Team_E.debug.xcconfig"; sourceTree = "<group>"; };
		5E79BA60914855EE7A932EA6 /* Pods_Project_P3_Team_E.framework */ = {isa = PBXFileReference; explicitFileType = wrapper.framework; includeInIndex = 0; path = Pods_Project_P3_Team_E.framework; sourceTree = BUILT_PRODUCTS_DIR; };
		8A368ED20CE5BE255BFE1970 /* Pods-Project_P3_Team_E.release.xcconfig */ = {isa = PBXFileReference; includeInIndex = 1; lastKnownFileType = text.xcconfig; name = "Pods-Project_P3_Team_E.release.xcconfig"; path = "Target Support Files/Pods-Project_P3_Team_E/Pods-Project_P3_Team_E.release.xcconfig"; sourceTree = "<group>"; };
		B98D0AD3D7174C034556D2E8 /* Pods-Project_P3_Team_ETests.debug.xcconfig */ = {isa = PBXFileReference; includeInIndex = 1; lastKnownFileType = text.xcconfig; name = "Pods-Project_P3_Team_ETests.debug.xcconfig"; path = "Target Support Files/Pods-Project_P3_Team_ETests/Pods-Project_P3_Team_ETests.debug.xcconfig"; sourceTree = "<group>"; };
		BD3F1CF3235FB05300008BA5 /* CreationViewController.swift */ = {isa = PBXFileReference; lastKnownFileType = sourcecode.swift; path = CreationViewController.swift; sourceTree = "<group>"; };
		BD3F1CF5235FBEBD00008BA5 /* PresentViewController.swift */ = {isa = PBXFileReference; lastKnownFileType = sourcecode.swift; path = PresentViewController.swift; sourceTree = "<group>"; };
		BD3F1CF7235FC1F700008BA5 /* SelectedViewController.swift */ = {isa = PBXFileReference; lastKnownFileType = sourcecode.swift; path = SelectedViewController.swift; sourceTree = "<group>"; };
		BD3F1CF9235FC88E00008BA5 /* SettingsViewController.swift */ = {isa = PBXFileReference; lastKnownFileType = sourcecode.swift; path = SettingsViewController.swift; sourceTree = "<group>"; };
		BDCE9936237BC11100049430 /* Prompt.swift */ = {isa = PBXFileReference; lastKnownFileType = sourcecode.swift; path = Prompt.swift; sourceTree = "<group>"; };
/* End PBXFileReference section */

/* Begin PBXFrameworksBuildPhase section */
		183B6031235F88500096BFB9 /* Frameworks */ = {
			isa = PBXFrameworksBuildPhase;
			buildActionMask = 2147483647;
			files = (
				FDDB13F89137110443417207 /* Pods_Project_P3_Team_E.framework in Frameworks */,
			);
			runOnlyForDeploymentPostprocessing = 0;
		};
		183B6045235F88550096BFB9 /* Frameworks */ = {
			isa = PBXFrameworksBuildPhase;
			buildActionMask = 2147483647;
			files = (
				104103094EBEB018BBF3F567 /* Pods_Project_P3_Team_ETests.framework in Frameworks */,
			);
			runOnlyForDeploymentPostprocessing = 0;
		};
/* End PBXFrameworksBuildPhase section */

/* Begin PBXGroup section */
		0DC5E3AE0CFB35C580C67310 /* Frameworks */ = {
			isa = PBXGroup;
			children = (
				5E79BA60914855EE7A932EA6 /* Pods_Project_P3_Team_E.framework */,
				151132FA4CEFFD43F38E71D6 /* Pods_Project_P3_Team_ETests.framework */,
			);
			name = Frameworks;
			sourceTree = "<group>";
		};
		183B602B235F88500096BFB9 = {
			isa = PBXGroup;
			children = (
				183B6036235F88500096BFB9 /* Project_P3_Team_E */,
				183B604B235F88550096BFB9 /* Project_P3_Team_ETests */,
				183B6035235F88500096BFB9 /* Products */,
				39E84C68B31823585E91B5A2 /* Pods */,
				0DC5E3AE0CFB35C580C67310 /* Frameworks */,
			);
			sourceTree = "<group>";
		};
		183B6035235F88500096BFB9 /* Products */ = {
			isa = PBXGroup;
			children = (
				183B6034235F88500096BFB9 /* Project_P3_Team_E.app */,
				183B6048235F88550096BFB9 /* Project_P3_Team_ETests.xctest */,
			);
			name = Products;
			sourceTree = "<group>";
		};
		183B6036235F88500096BFB9 /* Project_P3_Team_E */ = {
			isa = PBXGroup;
			children = (
				183B6037235F88500096BFB9 /* AppDelegate.swift */,
				183B6039235F88500096BFB9 /* ViewController.swift */,
				183B603B235F88500096BFB9 /* Main.storyboard */,
				16ABAF73237BCCB2008EA603 /* DocumentViewController.swift */,
				183B603E235F88550096BFB9 /* Assets.xcassets */,
				183B6040235F88550096BFB9 /* LaunchScreen.storyboard */,
				183B6043235F88550096BFB9 /* Info.plist */,
				BD3F1CF3235FB05300008BA5 /* CreationViewController.swift */,
				BD3F1CF5235FBEBD00008BA5 /* PresentViewController.swift */,
				BD3F1CF7235FC1F700008BA5 /* SelectedViewController.swift */,
				BD3F1CF9235FC88E00008BA5 /* SettingsViewController.swift */,
				BDCE9936237BC11100049430 /* Prompt.swift */,
			);
			path = Project_P3_Team_E;
			sourceTree = "<group>";
		};
		183B604B235F88550096BFB9 /* Project_P3_Team_ETests */ = {
			isa = PBXGroup;
			children = (
				183B604C235F88550096BFB9 /* Project_P3_Team_ETests.swift */,
				183B604E235F88550096BFB9 /* Info.plist */,
			);
			path = Project_P3_Team_ETests;
			sourceTree = "<group>";
		};
		39E84C68B31823585E91B5A2 /* Pods */ = {
			isa = PBXGroup;
			children = (
				3E380731A6E9E34594563280 /* Pods-Project_P3_Team_E.debug.xcconfig */,
				8A368ED20CE5BE255BFE1970 /* Pods-Project_P3_Team_E.release.xcconfig */,
				B98D0AD3D7174C034556D2E8 /* Pods-Project_P3_Team_ETests.debug.xcconfig */,
				2C26CED77ECEF5B573D5B86D /* Pods-Project_P3_Team_ETests.release.xcconfig */,
			);
			path = Pods;
			sourceTree = "<group>";
		};
/* End PBXGroup section */

/* Begin PBXNativeTarget section */
		183B6033235F88500096BFB9 /* Project_P3_Team_E */ = {
			isa = PBXNativeTarget;
			buildConfigurationList = 183B6051235F88550096BFB9 /* Build configuration list for PBXNativeTarget "Project_P3_Team_E" */;
			buildPhases = (
				1B2B20ED4784A111C35D8357 /* [CP] Check Pods Manifest.lock */,
				183B6030235F88500096BFB9 /* Sources */,
				183B6031235F88500096BFB9 /* Frameworks */,
				183B6032235F88500096BFB9 /* Resources */,
				63F79CEF32018086C48788FC /* [CP] Embed Pods Frameworks */,
			);
			buildRules = (
			);
			dependencies = (
			);
			name = Project_P3_Team_E;
			productName = Project_P3_Team_E;
			productReference = 183B6034235F88500096BFB9 /* Project_P3_Team_E.app */;
			productType = "com.apple.product-type.application";
		};
		183B6047235F88550096BFB9 /* Project_P3_Team_ETests */ = {
			isa = PBXNativeTarget;
			buildConfigurationList = 183B6054235F88550096BFB9 /* Build configuration list for PBXNativeTarget "Project_P3_Team_ETests" */;
			buildPhases = (
				242A3FE174F73C056BA66DC1 /* [CP] Check Pods Manifest.lock */,
				183B6044235F88550096BFB9 /* Sources */,
				183B6045235F88550096BFB9 /* Frameworks */,
				183B6046235F88550096BFB9 /* Resources */,
			);
			buildRules = (
			);
			dependencies = (
				183B604A235F88550096BFB9 /* PBXTargetDependency */,
			);
			name = Project_P3_Team_ETests;
			productName = Project_P3_Team_ETests;
			productReference = 183B6048235F88550096BFB9 /* Project_P3_Team_ETests.xctest */;
			productType = "com.apple.product-type.bundle.unit-test";
		};
/* End PBXNativeTarget section */

/* Begin PBXProject section */
		183B602C235F88500096BFB9 /* Project object */ = {
			isa = PBXProject;
			attributes = {
				LastSwiftUpdateCheck = 1030;
				LastUpgradeCheck = 1030;
				ORGANIZATIONNAME = "Mack Ross";
				TargetAttributes = {
					183B6033235F88500096BFB9 = {
						CreatedOnToolsVersion = 10.3;
					};
					183B6047235F88550096BFB9 = {
						CreatedOnToolsVersion = 10.3;
						TestTargetID = 183B6033235F88500096BFB9;
					};
				};
			};
			buildConfigurationList = 183B602F235F88500096BFB9 /* Build configuration list for PBXProject "Project_P3_Team_E" */;
			compatibilityVersion = "Xcode 9.3";
			developmentRegion = en;
			hasScannedForEncodings = 0;
			knownRegions = (
				en,
				Base,
			);
			mainGroup = 183B602B235F88500096BFB9;
			productRefGroup = 183B6035235F88500096BFB9 /* Products */;
			projectDirPath = "";
			projectRoot = "";
			targets = (
				183B6033235F88500096BFB9 /* Project_P3_Team_E */,
				183B6047235F88550096BFB9 /* Project_P3_Team_ETests */,
			);
		};
/* End PBXProject section */

/* Begin PBXResourcesBuildPhase section */
		183B6032235F88500096BFB9 /* Resources */ = {
			isa = PBXResourcesBuildPhase;
			buildActionMask = 2147483647;
			files = (
				183B6042235F88550096BFB9 /* LaunchScreen.storyboard in Resources */,
				183B603F235F88550096BFB9 /* Assets.xcassets in Resources */,
				183B603D235F88500096BFB9 /* Main.storyboard in Resources */,
			);
			runOnlyForDeploymentPostprocessing = 0;
		};
		183B6046235F88550096BFB9 /* Resources */ = {
			isa = PBXResourcesBuildPhase;
			buildActionMask = 2147483647;
			files = (
			);
			runOnlyForDeploymentPostprocessing = 0;
		};
/* End PBXResourcesBuildPhase section */

/* Begin PBXShellScriptBuildPhase section */
		1B2B20ED4784A111C35D8357 /* [CP] Check Pods Manifest.lock */ = {
			isa = PBXShellScriptBuildPhase;
			buildActionMask = 2147483647;
			files = (
			);
			inputFileListPaths = (
			);
			inputPaths = (
				"${PODS_PODFILE_DIR_PATH}/Podfile.lock",
				"${PODS_ROOT}/Manifest.lock",
			);
			name = "[CP] Check Pods Manifest.lock";
			outputFileListPaths = (
			);
			outputPaths = (
				"$(DERIVED_FILE_DIR)/Pods-Project_P3_Team_E-checkManifestLockResult.txt",
			);
			runOnlyForDeploymentPostprocessing = 0;
			shellPath = /bin/sh;
			shellScript = "diff \"${PODS_PODFILE_DIR_PATH}/Podfile.lock\" \"${PODS_ROOT}/Manifest.lock\" > /dev/null\nif [ $? != 0 ] ; then\n    # print error to STDERR\n    echo \"error: The sandbox is not in sync with the Podfile.lock. Run 'pod install' or update your CocoaPods installation.\" >&2\n    exit 1\nfi\n# This output is used by Xcode 'outputs' to avoid re-running this script phase.\necho \"SUCCESS\" > \"${SCRIPT_OUTPUT_FILE_0}\"\n";
			showEnvVarsInLog = 0;
		};
		242A3FE174F73C056BA66DC1 /* [CP] Check Pods Manifest.lock */ = {
			isa = PBXShellScriptBuildPhase;
			buildActionMask = 2147483647;
			files = (
			);
			inputFileListPaths = (
			);
			inputPaths = (
				"${PODS_PODFILE_DIR_PATH}/Podfile.lock",
				"${PODS_ROOT}/Manifest.lock",
			);
			name = "[CP] Check Pods Manifest.lock";
			outputFileListPaths = (
			);
			outputPaths = (
				"$(DERIVED_FILE_DIR)/Pods-Project_P3_Team_ETests-checkManifestLockResult.txt",
			);
			runOnlyForDeploymentPostprocessing = 0;
			shellPath = /bin/sh;
			shellScript = "diff \"${PODS_PODFILE_DIR_PATH}/Podfile.lock\" \"${PODS_ROOT}/Manifest.lock\" > /dev/null\nif [ $? != 0 ] ; then\n    # print error to STDERR\n    echo \"error: The sandbox is not in sync with the Podfile.lock. Run 'pod install' or update your CocoaPods installation.\" >&2\n    exit 1\nfi\n# This output is used by Xcode 'outputs' to avoid re-running this script phase.\necho \"SUCCESS\" > \"${SCRIPT_OUTPUT_FILE_0}\"\n";
			showEnvVarsInLog = 0;
		};
		63F79CEF32018086C48788FC /* [CP] Embed Pods Frameworks */ = {
			isa = PBXShellScriptBuildPhase;
			buildActionMask = 2147483647;
			files = (
			);
			inputFileListPaths = (
				"${PODS_ROOT}/Target Support Files/Pods-Project_P3_Team_E/Pods-Project_P3_Team_E-frameworks-${CONFIGURATION}-input-files.xcfilelist",
			);
			name = "[CP] Embed Pods Frameworks";
			outputFileListPaths = (
				"${PODS_ROOT}/Target Support Files/Pods-Project_P3_Team_E/Pods-Project_P3_Team_E-frameworks-${CONFIGURATION}-output-files.xcfilelist",
			);
			runOnlyForDeploymentPostprocessing = 0;
			shellPath = /bin/sh;
			shellScript = "\"${PODS_ROOT}/Target Support Files/Pods-Project_P3_Team_E/Pods-Project_P3_Team_E-frameworks.sh\"\n";
			showEnvVarsInLog = 0;
		};
/* End PBXShellScriptBuildPhase section */

/* Begin PBXSourcesBuildPhase section */
		183B6030235F88500096BFB9 /* Sources */ = {
			isa = PBXSourcesBuildPhase;
			buildActionMask = 2147483647;
			files = (
				183B603A235F88500096BFB9 /* ViewController.swift in Sources */,
				BDCE9937237BC11100049430 /* Prompt.swift in Sources */,
				183B6038235F88500096BFB9 /* AppDelegate.swift in Sources */,
				BD3F1CF8235FC1F700008BA5 /* SelectedViewController.swift in Sources */,
				BD3F1CF6235FBEBD00008BA5 /* PresentViewController.swift in Sources */,
				16ABAF74237BCCB2008EA603 /* DocumentViewController.swift in Sources */,
				BD3F1CF4235FB05300008BA5 /* CreationViewController.swift in Sources */,
				BD3F1CFA235FC88E00008BA5 /* SettingsViewController.swift in Sources */,
			);
			runOnlyForDeploymentPostprocessing = 0;
		};
		183B6044235F88550096BFB9 /* Sources */ = {
			isa = PBXSourcesBuildPhase;
			buildActionMask = 2147483647;
			files = (
				183B604D235F88550096BFB9 /* Project_P3_Team_ETests.swift in Sources */,
			);
			runOnlyForDeploymentPostprocessing = 0;
		};
/* End PBXSourcesBuildPhase section */

/* Begin PBXTargetDependency section */
		183B604A235F88550096BFB9 /* PBXTargetDependency */ = {
			isa = PBXTargetDependency;
			target = 183B6033235F88500096BFB9 /* Project_P3_Team_E */;
			targetProxy = 183B6049235F88550096BFB9 /* PBXContainerItemProxy */;
		};
/* End PBXTargetDependency section */

/* Begin PBXVariantGroup section */
		183B603B235F88500096BFB9 /* Main.storyboard */ = {
			isa = PBXVariantGroup;
			children = (
				183B603C235F88500096BFB9 /* Base */,
			);
			name = Main.storyboard;
			sourceTree = "<group>";
		};
		183B6040235F88550096BFB9 /* LaunchScreen.storyboard */ = {
			isa = PBXVariantGroup;
			children = (
				183B6041235F88550096BFB9 /* Base */,
			);
			name = LaunchScreen.storyboard;
			sourceTree = "<group>";
		};
/* End PBXVariantGroup section */

/* Begin XCBuildConfiguration section */
		183B604F235F88550096BFB9 /* Debug */ = {
			isa = XCBuildConfiguration;
			buildSettings = {
				ALWAYS_SEARCH_USER_PATHS = NO;
				CLANG_ANALYZER_NONNULL = YES;
				CLANG_ANALYZER_NUMBER_OBJECT_CONVERSION = YES_AGGRESSIVE;
				CLANG_CXX_LANGUAGE_STANDARD = "gnu++14";
				CLANG_CXX_LIBRARY = "libc++";
				CLANG_ENABLE_MODULES = YES;
				CLANG_ENABLE_OBJC_ARC = YES;
				CLANG_ENABLE_OBJC_WEAK = YES;
				CLANG_WARN_BLOCK_CAPTURE_AUTORELEASING = YES;
				CLANG_WARN_BOOL_CONVERSION = YES;
				CLANG_WARN_COMMA = YES;
				CLANG_WARN_CONSTANT_CONVERSION = YES;
				CLANG_WARN_DEPRECATED_OBJC_IMPLEMENTATIONS = YES;
				CLANG_WARN_DIRECT_OBJC_ISA_USAGE = YES_ERROR;
				CLANG_WARN_DOCUMENTATION_COMMENTS = YES;
				CLANG_WARN_EMPTY_BODY = YES;
				CLANG_WARN_ENUM_CONVERSION = YES;
				CLANG_WARN_INFINITE_RECURSION = YES;
				CLANG_WARN_INT_CONVERSION = YES;
				CLANG_WARN_NON_LITERAL_NULL_CONVERSION = YES;
				CLANG_WARN_OBJC_IMPLICIT_RETAIN_SELF = YES;
				CLANG_WARN_OBJC_LITERAL_CONVERSION = YES;
				CLANG_WARN_OBJC_ROOT_CLASS = YES_ERROR;
				CLANG_WARN_RANGE_LOOP_ANALYSIS = YES;
				CLANG_WARN_STRICT_PROTOTYPES = YES;
				CLANG_WARN_SUSPICIOUS_MOVE = YES;
				CLANG_WARN_UNGUARDED_AVAILABILITY = YES_AGGRESSIVE;
				CLANG_WARN_UNREACHABLE_CODE = YES;
				CLANG_WARN__DUPLICATE_METHOD_MATCH = YES;
				CODE_SIGN_IDENTITY = "iPhone Developer";
				COPY_PHASE_STRIP = NO;
				DEBUG_INFORMATION_FORMAT = dwarf;
				ENABLE_STRICT_OBJC_MSGSEND = YES;
				ENABLE_TESTABILITY = YES;
				GCC_C_LANGUAGE_STANDARD = gnu11;
				GCC_DYNAMIC_NO_PIC = NO;
				GCC_NO_COMMON_BLOCKS = YES;
				GCC_OPTIMIZATION_LEVEL = 0;
				GCC_PREPROCESSOR_DEFINITIONS = (
					"DEBUG=1",
					"$(inherited)",
				);
				GCC_WARN_64_TO_32_BIT_CONVERSION = YES;
				GCC_WARN_ABOUT_RETURN_TYPE = YES_ERROR;
				GCC_WARN_UNDECLARED_SELECTOR = YES;
				GCC_WARN_UNINITIALIZED_AUTOS = YES_AGGRESSIVE;
				GCC_WARN_UNUSED_FUNCTION = YES;
				GCC_WARN_UNUSED_VARIABLE = YES;
				IPHONEOS_DEPLOYMENT_TARGET = 12.4;
				MTL_ENABLE_DEBUG_INFO = INCLUDE_SOURCE;
				MTL_FAST_MATH = YES;
				ONLY_ACTIVE_ARCH = YES;
				SDKROOT = iphoneos;
				SWIFT_ACTIVE_COMPILATION_CONDITIONS = DEBUG;
				SWIFT_OPTIMIZATION_LEVEL = "-Onone";
			};
			name = Debug;
		};
		183B6050235F88550096BFB9 /* Release */ = {
			isa = XCBuildConfiguration;
			buildSettings = {
				ALWAYS_SEARCH_USER_PATHS = NO;
				CLANG_ANALYZER_NONNULL = YES;
				CLANG_ANALYZER_NUMBER_OBJECT_CONVERSION = YES_AGGRESSIVE;
				CLANG_CXX_LANGUAGE_STANDARD = "gnu++14";
				CLANG_CXX_LIBRARY = "libc++";
				CLANG_ENABLE_MODULES = YES;
				CLANG_ENABLE_OBJC_ARC = YES;
				CLANG_ENABLE_OBJC_WEAK = YES;
				CLANG_WARN_BLOCK_CAPTURE_AUTORELEASING = YES;
				CLANG_WARN_BOOL_CONVERSION = YES;
				CLANG_WARN_COMMA = YES;
				CLANG_WARN_CONSTANT_CONVERSION = YES;
				CLANG_WARN_DEPRECATED_OBJC_IMPLEMENTATIONS = YES;
				CLANG_WARN_DIRECT_OBJC_ISA_USAGE = YES_ERROR;
				CLANG_WARN_DOCUMENTATION_COMMENTS = YES;
				CLANG_WARN_EMPTY_BODY = YES;
				CLANG_WARN_ENUM_CONVERSION = YES;
				CLANG_WARN_INFINITE_RECURSION = YES;
				CLANG_WARN_INT_CONVERSION = YES;
				CLANG_WARN_NON_LITERAL_NULL_CONVERSION = YES;
				CLANG_WARN_OBJC_IMPLICIT_RETAIN_SELF = YES;
				CLANG_WARN_OBJC_LITERAL_CONVERSION = YES;
				CLANG_WARN_OBJC_ROOT_CLASS = YES_ERROR;
				CLANG_WARN_RANGE_LOOP_ANALYSIS = YES;
				CLANG_WARN_STRICT_PROTOTYPES = YES;
				CLANG_WARN_SUSPICIOUS_MOVE = YES;
				CLANG_WARN_UNGUARDED_AVAILABILITY = YES_AGGRESSIVE;
				CLANG_WARN_UNREACHABLE_CODE = YES;
				CLANG_WARN__DUPLICATE_METHOD_MATCH = YES;
				CODE_SIGN_IDENTITY = "iPhone Developer";
				COPY_PHASE_STRIP = NO;
				DEBUG_INFORMATION_FORMAT = "dwarf-with-dsym";
				ENABLE_NS_ASSERTIONS = NO;
				ENABLE_STRICT_OBJC_MSGSEND = YES;
				GCC_C_LANGUAGE_STANDARD = gnu11;
				GCC_NO_COMMON_BLOCKS = YES;
				GCC_WARN_64_TO_32_BIT_CONVERSION = YES;
				GCC_WARN_ABOUT_RETURN_TYPE = YES_ERROR;
				GCC_WARN_UNDECLARED_SELECTOR = YES;
				GCC_WARN_UNINITIALIZED_AUTOS = YES_AGGRESSIVE;
				GCC_WARN_UNUSED_FUNCTION = YES;
				GCC_WARN_UNUSED_VARIABLE = YES;
				IPHONEOS_DEPLOYMENT_TARGET = 12.4;
				MTL_ENABLE_DEBUG_INFO = NO;
				MTL_FAST_MATH = YES;
				SDKROOT = iphoneos;
				SWIFT_COMPILATION_MODE = wholemodule;
				SWIFT_OPTIMIZATION_LEVEL = "-O";
				VALIDATE_PRODUCT = YES;
			};
			name = Release;
		};
		183B6052235F88550096BFB9 /* Debug */ = {
			isa = XCBuildConfiguration;
			baseConfigurationReference = 3E380731A6E9E34594563280 /* Pods-Project_P3_Team_E.debug.xcconfig */;
			buildSettings = {
				ASSETCATALOG_COMPILER_APPICON_NAME = AppIcon;
				CODE_SIGN_STYLE = Automatic;
				INFOPLIST_FILE = Project_P3_Team_E/Info.plist;
				LD_RUNPATH_SEARCH_PATHS = (
					"$(inherited)",
					"@executable_path/Frameworks",
				);
				PRODUCT_BUNDLE_IDENTIFIER = "com.mackross.Project-P3-Team-E";
				PRODUCT_NAME = "$(TARGET_NAME)";
				SWIFT_VERSION = 5.0;
				TARGETED_DEVICE_FAMILY = "1,2";
			};
			name = Debug;
		};
		183B6053235F88550096BFB9 /* Release */ = {
			isa = XCBuildConfiguration;
			baseConfigurationReference = 8A368ED20CE5BE255BFE1970 /* Pods-Project_P3_Team_E.release.xcconfig */;
			buildSettings = {
				ASSETCATALOG_COMPILER_APPICON_NAME = AppIcon;
				CODE_SIGN_STYLE = Automatic;
				INFOPLIST_FILE = Project_P3_Team_E/Info.plist;
				LD_RUNPATH_SEARCH_PATHS = (
					"$(inherited)",
					"@executable_path/Frameworks",
				);
				PRODUCT_BUNDLE_IDENTIFIER = "com.mackross.Project-P3-Team-E";
				PRODUCT_NAME = "$(TARGET_NAME)";
				SWIFT_VERSION = 5.0;
				TARGETED_DEVICE_FAMILY = "1,2";
			};
			name = Release;
		};
		183B6055235F88550096BFB9 /* Debug */ = {
			isa = XCBuildConfiguration;
			baseConfigurationReference = B98D0AD3D7174C034556D2E8 /* Pods-Project_P3_Team_ETests.debug.xcconfig */;
			buildSettings = {
				ALWAYS_EMBED_SWIFT_STANDARD_LIBRARIES = YES;
				BUNDLE_LOADER = "$(TEST_HOST)";
				CODE_SIGN_STYLE = Automatic;
				INFOPLIST_FILE = Project_P3_Team_ETests/Info.plist;
				LD_RUNPATH_SEARCH_PATHS = (
					"$(inherited)",
					"@executable_path/Frameworks",
					"@loader_path/Frameworks",
				);
				PRODUCT_BUNDLE_IDENTIFIER = "com.mackross.Project-P3-Team-ETests";
				PRODUCT_NAME = "$(TARGET_NAME)";
				SWIFT_VERSION = 5.0;
				TARGETED_DEVICE_FAMILY = "1,2";
				TEST_HOST = "$(BUILT_PRODUCTS_DIR)/Project_P3_Team_E.app/Project_P3_Team_E";
			};
			name = Debug;
		};
		183B6056235F88550096BFB9 /* Release */ = {
			isa = XCBuildConfiguration;
			baseConfigurationReference = 2C26CED77ECEF5B573D5B86D /* Pods-Project_P3_Team_ETests.release.xcconfig */;
			buildSettings = {
				ALWAYS_EMBED_SWIFT_STANDARD_LIBRARIES = YES;
				BUNDLE_LOADER = "$(TEST_HOST)";
				CODE_SIGN_STYLE = Automatic;
				INFOPLIST_FILE = Project_P3_Team_ETests/Info.plist;
				LD_RUNPATH_SEARCH_PATHS = (
					"$(inherited)",
					"@executable_path/Frameworks",
					"@loader_path/Frameworks",
				);
				PRODUCT_BUNDLE_IDENTIFIER = "com.mackross.Project-P3-Team-ETests";
				PRODUCT_NAME = "$(TARGET_NAME)";
				SWIFT_VERSION = 5.0;
				TARGETED_DEVICE_FAMILY = "1,2";
				TEST_HOST = "$(BUILT_PRODUCTS_DIR)/Project_P3_Team_E.app/Project_P3_Team_E";
			};
			name = Release;
		};
/* End XCBuildConfiguration section */

/* Begin XCConfigurationList section */
		183B602F235F88500096BFB9 /* Build configuration list for PBXProject "Project_P3_Team_E" */ = {
			isa = XCConfigurationList;
			buildConfigurations = (
				183B604F235F88550096BFB9 /* Debug */,
				183B6050235F88550096BFB9 /* Release */,
			);
			defaultConfigurationIsVisible = 0;
			defaultConfigurationName = Release;
		};
		183B6051235F88550096BFB9 /* Build configuration list for PBXNativeTarget "Project_P3_Team_E" */ = {
			isa = XCConfigurationList;
			buildConfigurations = (
				183B6052235F88550096BFB9 /* Debug */,
				183B6053235F88550096BFB9 /* Release */,
			);
			defaultConfigurationIsVisible = 0;
			defaultConfigurationName = Release;
		};
		183B6054235F88550096BFB9 /* Build configuration list for PBXNativeTarget "Project_P3_Team_ETests" */ = {
			isa = XCConfigurationList;
			buildConfigurations = (
				183B6055235F88550096BFB9 /* Debug */,
				183B6056235F88550096BFB9 /* Release */,
			);
			defaultConfigurationIsVisible = 0;
			defaultConfigurationName = Release;
		};
/* End XCConfigurationList section */
	};
	rootObject = 183B602C235F88500096BFB9 /* Project object */;
}
